
Microsoft Visual Studio Solution File, Format Version 12.00
# Visual Studio Version 16
VisualStudioVersion = 16.0.29326.143
MinimumVisualStudioVersion = 10.0.40219.1
Project("{FAE04EC0-301F-11D3-BF4B-00C04F79EFBC}") = "Ecommerce.WebApp", "Ecommerce.WebApp\Ecommerce.WebApp.csproj", "{C5A67BA8-CA75-4DD0-A2FD-6A6ECEA6E706}"
EndProject
Project("{2150E333-8FDC-42A3-9474-1A3956D46DE8}") = "Solution Items", "Solution Items", "{219B8D8A-B15A-45CA-BF5D-39C6583229CF}"
	ProjectSection(SolutionItems) = preProject
		ReadMe.md = ReadMe.md
	EndProjectSection
EndProject
Project("{FAE04EC0-301F-11D3-BF4B-00C04F79EFBC}") = "Ecommerce.Data", "Ecommerce.Data\Ecommerce.Data.csproj", "{A17C12D6-A0B4-42CE-9E62-6710F0AF5816}"
EndProject
Project("{FAE04EC0-301F-11D3-BF4B-00C04F79EFBC}") = "Ecommerce.Service", "Ecommerce.Service\Ecommerce.Service.csproj", "{67711A08-BE55-4E89-BAEF-703D549C64C2}"
EndProject
Global
	GlobalSection(SolutionConfigurationPlatforms) = preSolution
		Debug|Any CPU = Debug|Any CPU
		Release|Any CPU = Release|Any CPU
	EndGlobalSection
	GlobalSection(ProjectConfigurationPlatforms) = postSolution
		{C5A67BA8-CA75-4DD0-A2FD-6A6ECEA6E706}.Debug|Any CPU.ActiveCfg = Debug|Any CPU
		{C5A67BA8-CA75-4DD0-A2FD-6A6ECEA6E706}.Debug|Any CPU.Build.0 = Debug|Any CPU
		{C5A67BA8-CA75-4DD0-A2FD-6A6ECEA6E706}.Release|Any CPU.ActiveCfg = Release|Any CPU
		{C5A67BA8-CA75-4DD0-A2FD-6A6ECEA6E706}.Release|Any CPU.Build.0 = Release|Any CPU
		{A17C12D6-A0B4-42CE-9E62-6710F0AF5816}.Debug|Any CPU.ActiveCfg = Debug|Any CPU
		{A17C12D6-A0B4-42CE-9E62-6710F0AF5816}.Debug|Any CPU.Build.0 = Debug|Any CPU
		{A17C12D6-A0B4-42CE-9E62-6710F0AF5816}.Release|Any CPU.ActiveCfg = Release|Any CPU
		{A17C12D6-A0B4-42CE-9E62-6710F0AF5816}.Release|Any CPU.Build.0 = Release|Any CPU
		{67711A08-BE55-4E89-BAEF-703D549C64C2}.Debug|Any CPU.ActiveCfg = Debug|Any CPU
		{67711A08-BE55-4E89-BAEF-703D549C64C2}.Debug|Any CPU.Build.0 = Debug|Any CPU
		{67711A08-BE55-4E89-BAEF-703D549C64C2}.Release|Any CPU.ActiveCfg = Release|Any CPU
		{67711A08-BE55-4E89-BAEF-703D549C64C2}.Release|Any CPU.Build.0 = Release|Any CPU
	EndGlobalSection
	GlobalSection(SolutionProperties) = preSolution
		HideSolutionNode = FALSE
	EndGlobalSection
	GlobalSection(ExtensibilityGlobals) = postSolution
		SolutionGuid = {12B46919-B4BC-489E-B63A-14855CE44D45}
	EndGlobalSection
EndGlobal
